github.com/Guitarkeepsme/protos v0.0.0-20231221195533-f2db66200e15 h1:o/Q2dn6yu9HQbItqT8SOwmQrTLTRKwgNqg3wCwnIPWA=
github.com/Guitarkeepsme/protos v0.0.0-20231221195533-f2db66200e15/go.mod h1:C4q23u5cWtaza9ujvJsPUnn/QpESU8FI65nHgerWfw8=
github.com/Guitarkeepsme/protos v0.0.1 h1:tsCIGsvVmN+nPLtiSt66vx4hpDtR3gfx+8p323aeqQs=
github.com/Guitarkeepsme/protos v0.0.1/go.mod h1:C4q23u5cWtaza9ujvJsPUnn/QpESU8FI65nHgerWfw8=
